github.com/PROGNOSISTool/golang-set v1.7.1 h1:4VWEapjeasjlejb9c/2u+L5pqC2vaMiHXG8LHlIPwfM=
github.com/PROGNOSISTool/golang-set v1.7.1/go.mod h1:L+KD9WsIroco6T/5fL1qW/FONmtoW405KHIVpfkG5lE=
github.com/PROGNOSISTool/ls-qpack-go v0.0.0-20240204224221-f3c7f0ffd247 h1:RsRQvHVVGC1MSTwvpRslnslqu4LgT0vmzQAcw0QyqdQ=
github.com/PROGNOSISTool/ls-qpack-go v0.0.0-20240204224221-f3c7f0ffd247/go.mod h1:Z8+h4/sCZCU2HdYGy7vJje2htvv08f1nU684X+q6ax4=
github.com/PROGNOSISTool/ls-qpack-go v0.0.0-20240204225820-8209755a348e h1:SOJE6blsoisuw5I2dv2AGvV9tptQpoFi6Y63x8nOJEY=
github.com/PROGNOSISTool/ls-qpack-go v0.0.0-20240204225820-8209755a348e/go.mod h1:Z8+h4/sCZCU2HdYGy7vJje2htvv08f1nU684X+q6ax4=
github.com/PROGNOSISTool/pigotls v0.0.0-20240204221414-faba31a7f607 h1:EWh8W+fA9dyuyH9yMXtL2lOmuG0QS65Iyz33LVlBIP0=
github.com/PROGNOSISTool/pigotls v0.0.0-20240204221414-faba31a7f607/go.mod h1:Kd5MU5TsUgw5zkr87IbYTKZOf1lxYZh8ZThllnSfUvA=
github.com/PROGNOSISTool/pigotls v0.0.0-20240204230515-3292f6ec6731 h1:kz+UziPQyjcKyk8zgsu37NQwCcELc6FCU4YAWDUBmKk=
github.com/PROGNOSISTool/pigotls v0.0.0-20240204230515-3292f6ec6731/go.mod h1:Kd5MU5TsUgw5zkr87IbYTKZOf1lxYZh8ZThllnSfUvA=
github.com/PROGNOSISTool/tcp_server v0.0.0-20200709134627-fb9eb4cf2aa0 h1:kUMa6CQ/ac67h0ARs6TlJCD1Hyl+UBgtPith2T1pubU=
github.com/PROGNOSISTool/tcp_server v0.0.0-20200709134627-fb9eb4cf2aa0/go.mod h1:CLmcyQ7c1I6siv3CT/lqEc06I1mADrWEo7JfpBNREkg=
github.com/davecgh/go-spew v1.1.1 h1:vj9j/u1bqnvCEfJOwUhtlOARqs3+rkHYY13jYWTU97c=
github.com/davecgh/go-spew v1.1.1/go.mod h1:J7Y8YcW2NihsgmVo/mv3lAwl/skON4iLHjSsI+c5H38=
github.com/dustin/go-broadcast v0.0.0-20211018055107-71439988bd91 h1:jAUM3D1KIrJmwx60DKB+a/qqM69yHnu6otDGVa2t0vs=
github.com/dustin/go-broadcast v0.0.0-20211018055107-71439988bd91/go.mod h1:8rK6Kbo1Jd6sK22b24aPVgAm3jlNy1q1ft+lBALdIqA=
github.com/google/go-cmp v0.6.0 h1:ofyhxvXcZhMsU5ulbFiLKl/XBFqE1GSq7atu8tAmTRI=
github.com/google/go-cmp v0.6.0/go.mod h1:17dUlkBOakJ0+DkrSSNjCkIjxS6bF9zb3elmeNGIjoY=
github.com/gopherjs/gopherjs v1.17.2 h1:fQnZVsXk8uxXIStYb0N4bGk7jeyTalG/wsZjQ25dO0g=
github.com/gopherjs/gopherjs v1.17.2/go.mod h1:pRRIvn/QzFLrKfvEz3qUuEhtE/zLCWfreZ6J5gM2i+k=
github.com/jtolds/gls v4.20.0+incompatible h1:xdiiI2gbIgH/gLH7ADydsJ1uDOEzR8yvV7C0MuV77Wo=
github.com/jtolds/gls v4.20.0+incompatible/go.mod h1:QJZ7F/aHp+rZTRtaJ1ow/lLfFfVYBRgL+9YlvaHOwJU=
github.com/smarty/assertions v1.15.0 h1:cR//PqUBUiQRakZWqBiFFQ9wb8emQGDb0HeGdqGByCY=
github.com/smarty/assertions v1.15.0/go.mod h1:yABtdzeQs6l1brC900WlRNwj6ZR55d7B+E8C6HtKdec=
github.com/smartystreets/goconvey v1.8.1 h1:qGjIddxOk4grTu9JPOU31tVfq3cNdBlNa5sSznIX1xY=
github.com/smartystreets/goconvey v1.8.1/go.mod h1:+/u4qLyY6x1jReYOp7GOM2FSt8aP9CzCZL03bI28W60=
gopkg.in/check.v1 v0.0.0-20161208181325-20d25e280405 h1:yhCVgyC4o1eVCa2tZl7eS0r+SDo693bJlVdllGtEeKM=
gopkg.in/check.v1 v0.0.0-20161208181325-20d25e280405/go.mod h1:Co6ibVJAznAaIkqp8huTwlJQCZ016jof/cbN4VW5Yz0=
gopkg.in/yaml.v3 v3.0.1 h1:fxVm/GzAzEWqLHuvctI91KS9hhNmmWOoWu0XTYJS7CA=
gopkg.in/yaml.v3 v3.0.1/go.mod h1:K4uyk7z7BCEPqu6E+C64Yfv1cQ7kz7rIZviUmN+EgEM=
